// !$*UTF8*$!
{
	archiveVersion = 1;
	classes = {
	};
	objectVersion = 46;
	objects = {

/* Begin PBXBuildFile section */
		77213F941CD412EE005CB32B /* AAABirthdayMO+CoreDataProperties.swift in Sources */ = {isa = PBXBuildFile; fileRef = 77213F901CD412EE005CB32B /* AAABirthdayMO+CoreDataProperties.swift */; };
		77213F951CD412EE005CB32B /* AAABirthdayMO.swift in Sources */ = {isa = PBXBuildFile; fileRef = 77213F911CD412EE005CB32B /* AAABirthdayMO.swift */; };
		77213F961CD412EE005CB32B /* AAAHolidayMO+CoreDataProperties.swift in Sources */ = {isa = PBXBuildFile; fileRef = 77213F921CD412EE005CB32B /* AAAHolidayMO+CoreDataProperties.swift */; };
		77213F971CD412EE005CB32B /* AAAHolidayMO.swift in Sources */ = {isa = PBXBuildFile; fileRef = 77213F931CD412EE005CB32B /* AAAHolidayMO.swift */; };
		77213F9A1CD414DC005CB32B /* IDAddDateViewController.swift in Sources */ = {isa = PBXBuildFile; fileRef = 77213F991CD414DC005CB32B /* IDAddDateViewController.swift */; };
		77213F9C1CD41557005CB32B /* IDCoreDataController.swift in Sources */ = {isa = PBXBuildFile; fileRef = 77213F9B1CD41557005CB32B /* IDCoreDataController.swift */; };
		77213F9E1CD41584005CB32B /* IDDateDetailViewController.swift in Sources */ = {isa = PBXBuildFile; fileRef = 77213F9D1CD41584005CB32B /* IDDateDetailViewController.swift */; };
		77213FA01CD416E6005CB32B /* IDDateTableViewController.swift in Sources */ = {isa = PBXBuildFile; fileRef = 77213F9F1CD416E6005CB32B /* IDDateTableViewController.swift */; };
		77213FA21CD41724005CB32B /* IDTableViewCell.swift in Sources */ = {isa = PBXBuildFile; fileRef = 77213FA11CD41724005CB32B /* IDTableViewCell.swift */; };
		77C490841CD40473007283B8 /* AppDelegate.swift in Sources */ = {isa = PBXBuildFile; fileRef = 77C490831CD40473007283B8 /* AppDelegate.swift */; };
		77C490861CD40473007283B8 /* ViewController.swift in Sources */ = {isa = PBXBuildFile; fileRef = 77C490851CD40473007283B8 /* ViewController.swift */; };
		77C490891CD40473007283B8 /* Main.storyboard in Resources */ = {isa = PBXBuildFile; fileRef = 77C490871CD40473007283B8 /* Main.storyboard */; };
		77C4908C1CD40473007283B8 /* InterestingDates.xcdatamodeld in Sources */ = {isa = PBXBuildFile; fileRef = 77C4908A1CD40473007283B8 /* InterestingDates.xcdatamodeld */; };
		77C4908E1CD40473007283B8 /* Assets.xcassets in Resources */ = {isa = PBXBuildFile; fileRef = 77C4908D1CD40473007283B8 /* Assets.xcassets */; };
		77C490911CD40473007283B8 /* LaunchScreen.storyboard in Resources */ = {isa = PBXBuildFile; fileRef = 77C4908F1CD40473007283B8 /* LaunchScreen.storyboard */; };
		7F399575E663C9FFC7619979 /* Pods_InterestingDates.framework in Frameworks */ = {isa = PBXBuildFile; fileRef = 6F56CEA4227E5A4A077EF5A5 /* Pods_InterestingDates.framework */; };
/* End PBXBuildFile section */

/* Begin PBXFileReference section */
		6F56CEA4227E5A4A077EF5A5 /* Pods_InterestingDates.framework */ = {isa = PBXFileReference; explicitFileType = wrapper.framework; includeInIndex = 0; path = Pods_InterestingDates.framework; sourceTree = BUILT_PRODUCTS_DIR; };
		77213F901CD412EE005CB32B /* AAABirthdayMO+CoreDataProperties.swift */ = {isa = PBXFileReference; fileEncoding = 4; lastKnownFileType = sourcecode.swift; path = "AAABirthdayMO+CoreDataProperties.swift"; sourceTree = "<group>"; };
		77213F911CD412EE005CB32B /* AAABirthdayMO.swift */ = {isa = PBXFileReference; fileEncoding = 4; lastKnownFileType = sourcecode.swift; path = AAABirthdayMO.swift; sourceTree = "<group>"; };
		77213F921CD412EE005CB32B /* AAAHolidayMO+CoreDataProperties.swift */ = {isa = PBXFileReference; fileEncoding = 4; lastKnownFileType = sourcecode.swift; path = "AAAHolidayMO+CoreDataProperties.swift"; sourceTree = "<group>"; };
		77213F931CD412EE005CB32B /* AAAHolidayMO.swift */ = {isa = PBXFileReference; fileEncoding = 4; lastKnownFileType = sourcecode.swift; path = AAAHolidayMO.swift; sourceTree = "<group>"; };
		77213F991CD414DC005CB32B /* IDAddDateViewController.swift */ = {isa = PBXFileReference; fileEncoding = 4; lastKnownFileType = sourcecode.swift; path = IDAddDateViewController.swift; sourceTree = "<group>"; };
		77213F9B1CD41557005CB32B /* IDCoreDataController.swift */ = {isa = PBXFileReference; fileEncoding = 4; lastKnownFileType = sourcecode.swift; path = IDCoreDataController.swift; sourceTree = "<group>"; };
		77213F9D1CD41584005CB32B /* IDDateDetailViewController.swift */ = {isa = PBXFileReference; fileEncoding = 4; lastKnownFileType = sourcecode.swift; path = IDDateDetailViewController.swift; sourceTree = "<group>"; };
		77213F9F1CD416E6005CB32B /* IDDateTableViewController.swift */ = {isa = PBXFileReference; fileEncoding = 4; lastKnownFileType = sourcecode.swift; path = IDDateTableViewController.swift; sourceTree = "<group>"; };
		77213FA11CD41724005CB32B /* IDTableViewCell.swift */ = {isa = PBXFileReference; fileEncoding = 4; lastKnownFileType = sourcecode.swift; path = IDTableViewCell.swift; sourceTree = "<group>"; };
		77C490801CD40473007283B8 /* InterestingDates.app */ = {isa = PBXFileReference; explicitFileType = wrapper.application; includeInIndex = 0; path = InterestingDates.app; sourceTree = BUILT_PRODUCTS_DIR; };
		77C490831CD40473007283B8 /* AppDelegate.swift */ = {isa = PBXFileReference; lastKnownFileType = sourcecode.swift; path = AppDelegate.swift; sourceTree = "<group>"; };
		77C490851CD40473007283B8 /* ViewController.swift */ = {isa = PBXFileReference; lastKnownFileType = sourcecode.swift; path = ViewController.swift; sourceTree = "<group>"; };
		77C490881CD40473007283B8 /* Base */ = {isa = PBXFileReference; lastKnownFileType = file.storyboard; name = Base; path = Base.lproj/Main.storyboard; sourceTree = "<group>"; };
		77C4908B1CD40473007283B8 /* InterestingDates.xcdatamodel */ = {isa = PBXFileReference; lastKnownFileType = wrapper.xcdatamodel; path = InterestingDates.xcdatamodel; sourceTree = "<group>"; };
		77C4908D1CD40473007283B8 /* Assets.xcassets */ = {isa = PBXFileReference; lastKnownFileType = folder.assetcatalog; path = Assets.xcassets; sourceTree = "<group>"; };
		77C490901CD40473007283B8 /* Base */ = {isa = PBXFileReference; lastKnownFileType = file.storyboard; name = Base; path = Base.lproj/LaunchScreen.storyboard; sourceTree = "<group>"; };
		77C490921CD40473007283B8 /* Info.plist */ = {isa = PBXFileReference; lastKnownFileType = text.plist.xml; path = Info.plist; sourceTree = "<group>"; };
		9F33DA7518BADF97B2A717CB /* Pods-InterestingDates.release.xcconfig */ = {isa = PBXFileReference; includeInIndex = 1; lastKnownFileType = text.xcconfig; name = "Pods-InterestingDates.release.xcconfig"; path = "Pods/Target Support Files/Pods-InterestingDates/Pods-InterestingDates.release.xcconfig"; sourceTree = "<group>"; };
		CB6E8E1258BC28C42EA9EAEF /* Pods-InterestingDates.debug.xcconfig */ = {isa = PBXFileReference; includeInIndex = 1; lastKnownFileType = text.xcconfig; name = "Pods-InterestingDates.debug.xcconfig"; path = "Pods/Target Support Files/Pods-InterestingDates/Pods-InterestingDates.debug.xcconfig"; sourceTree = "<group>"; };
/* End PBXFileReference section */

/* Begin PBXFrameworksBuildPhase section */
		77C4907D1CD40473007283B8 /* Frameworks */ = {
			isa = PBXFrameworksBuildPhase;
			buildActionMask = 2147483647;
			files = (
				7F399575E663C9FFC7619979 /* Pods_InterestingDates.framework in Frameworks */,
			);
			runOnlyForDeploymentPostprocessing = 0;
		};
/* End PBXFrameworksBuildPhase section */

/* Begin PBXGroup section */
		6369157A554525DF3091F495 /* Frameworks */ = {
			isa = PBXGroup;
			children = (
				6F56CEA4227E5A4A077EF5A5 /* Pods_InterestingDates.framework */,
			);
			name = Frameworks;
			sourceTree = "<group>";
		};
		687B5733EB1FBA4EE0622DAF /* Pods */ = {
			isa = PBXGroup;
			children = (
				CB6E8E1258BC28C42EA9EAEF /* Pods-InterestingDates.debug.xcconfig */,
				9F33DA7518BADF97B2A717CB /* Pods-InterestingDates.release.xcconfig */,
			);
			name = Pods;
			sourceTree = "<group>";
		};
		77213F8F1CD412DD005CB32B /* Core Data Models */ = {
			isa = PBXGroup;
			children = (
				77213F901CD412EE005CB32B /* AAABirthdayMO+CoreDataProperties.swift */,
				77213F911CD412EE005CB32B /* AAABirthdayMO.swift */,
				77213F921CD412EE005CB32B /* AAAHolidayMO+CoreDataProperties.swift */,
				77213F931CD412EE005CB32B /* AAAHolidayMO.swift */,
			);
			name = "Core Data Models";
			sourceTree = "<group>";
		};
		77C490771CD40473007283B8 = {
			isa = PBXGroup;
			children = (
				77C490821CD40473007283B8 /* InterestingDates */,
				77C490811CD40473007283B8 /* Products */,
				687B5733EB1FBA4EE0622DAF /* Pods */,
				6369157A554525DF3091F495 /* Frameworks */,
			);
			sourceTree = "<group>";
		};
		77C490811CD40473007283B8 /* Products */ = {
			isa = PBXGroup;
			children = (
				77C490801CD40473007283B8 /* InterestingDates.app */,
			);
			name = Products;
			sourceTree = "<group>";
		};
		77C490821CD40473007283B8 /* InterestingDates */ = {
			isa = PBXGroup;
			children = (
				77213F8F1CD412DD005CB32B /* Core Data Models */,
				77213F991CD414DC005CB32B /* IDAddDateViewController.swift */,
				77213F9B1CD41557005CB32B /* IDCoreDataController.swift */,
				77213F9D1CD41584005CB32B /* IDDateDetailViewController.swift */,
				77213F9F1CD416E6005CB32B /* IDDateTableViewController.swift */,
				77213FA11CD41724005CB32B /* IDTableViewCell.swift */,
				77C490831CD40473007283B8 /* AppDelegate.swift */,
				77C490851CD40473007283B8 /* ViewController.swift */,
				77C490871CD40473007283B8 /* Main.storyboard */,
				77C4908D1CD40473007283B8 /* Assets.xcassets */,
				77C4908F1CD40473007283B8 /* LaunchScreen.storyboard */,
				77C490921CD40473007283B8 /* Info.plist */,
				77C4908A1CD40473007283B8 /* InterestingDates.xcdatamodeld */,
			);
			path = InterestingDates;
			sourceTree = "<group>";
		};
/* End PBXGroup section */

/* Begin PBXNativeTarget section */
		77C4907F1CD40473007283B8 /* InterestingDates */ = {
			isa = PBXNativeTarget;
			buildConfigurationList = 77C490951CD40473007283B8 /* Build configuration list for PBXNativeTarget "InterestingDates" */;
			buildPhases = (
				81C0878DFFEC93E373DBC8AD /* Check Pods Manifest.lock */,
				77C4907C1CD40473007283B8 /* Sources */,
				77C4907D1CD40473007283B8 /* Frameworks */,
				77C4907E1CD40473007283B8 /* Resources */,
				B078D5B302BEEF61573C7B0F /* Embed Pods Frameworks */,
				B90DE770D98CEC7D7FF42D8E /* Copy Pods Resources */,
			);
			buildRules = (
			);
			dependencies = (
			);
			name = InterestingDates;
			productName = InterestingDates;
			productReference = 77C490801CD40473007283B8 /* InterestingDates.app */;
			productType = "com.apple.product-type.application";
		};
/* End PBXNativeTarget section */

/* Begin PBXProject section */
		77C490781CD40473007283B8 /* Project object */ = {
			isa = PBXProject;
			attributes = {
				LastSwiftUpdateCheck = 0730;
				LastUpgradeCheck = 0730;
				ORGANIZATIONNAME = "Rommel Rico";
				TargetAttributes = {
					77C4907F1CD40473007283B8 = {
						CreatedOnToolsVersion = 7.3;
					};
				};
			};
			buildConfigurationList = 77C4907B1CD40473007283B8 /* Build configuration list for PBXProject "InterestingDates" */;
			compatibilityVersion = "Xcode 3.2";
			developmentRegion = English;
			hasScannedForEncodings = 0;
			knownRegions = (
				en,
				Base,
			);
			mainGroup = 77C490771CD40473007283B8;
			productRefGroup = 77C490811CD40473007283B8 /* Products */;
			projectDirPath = "";
			projectRoot = "";
			targets = (
				77C4907F1CD40473007283B8 /* InterestingDates */,
			);
		};
/* End PBXProject section */

/* Begin PBXResourcesBuildPhase section */
		77C4907E1CD40473007283B8 /* Resources */ = {
			isa = PBXResourcesBuildPhase;
			buildActionMask = 2147483647;
			files = (
				77C490911CD40473007283B8 /* LaunchScreen.storyboard in Resources */,
				77C4908E1CD40473007283B8 /* Assets.xcassets in Resources */,
				77C490891CD40473007283B8 /* Main.storyboard in Resources */,
			);
			runOnlyForDeploymentPostprocessing = 0;
		};
/* End PBXResourcesBuildPhase section */

/* Begin PBXShellScriptBuildPhase section */
		81C0878DFFEC93E373DBC8AD /* Check Pods Manifest.lock */ = {
			isa = PBXShellScriptBuildPhase;
			buildActionMask = 2147483647;
			files = (
			);
			inputPaths = (
			);
			name = "Check Pods Manifest.lock";
			outputPaths = (
			);
			runOnlyForDeploymentPostprocessing = 0;
			shellPath = /bin/sh;
			shellScript = "diff \"${PODS_ROOT}/../Podfile.lock\" \"${PODS_ROOT}/Manifest.lock\" > /dev/null\nif [[ $? != 0 ]] ; then\n    cat << EOM\nerror: The sandbox is not in sync with the Podfile.lock. Run 'pod install' or update your CocoaPods installation.\nEOM\n    exit 1\nfi\n";
			showEnvVarsInLog = 0;
		};
		B078D5B302BEEF61573C7B0F /* Embed Pods Frameworks */ = {
			isa = PBXShellScriptBuildPhase;
			buildActionMask = 2147483647;
			files = (
			);
			inputPaths = (
			);
			name = "Embed Pods Frameworks";
			outputPaths = (
			);
			runOnlyForDeploymentPostprocessing = 0;
			shellPath = /bin/sh;
			shellScript = "\"${SRCROOT}/Pods/Target Support Files/Pods-InterestingDates/Pods-InterestingDates-frameworks.sh\"\n";
			showEnvVarsInLog = 0;
		};
		B90DE770D98CEC7D7FF42D8E /* Copy Pods Resources */ = {
			isa = PBXShellScriptBuildPhase;
			buildActionMask = 2147483647;
			files = (
			);
			inputPaths = (
			);
			name = "Copy Pods Resources";
			outputPaths = (
			);
			runOnlyForDeploymentPostprocessing = 0;
			shellPath = /bin/sh;
			shellScript = "\"${SRCROOT}/Pods/Target Support Files/Pods-InterestingDates/Pods-InterestingDates-resources.sh\"\n";
			showEnvVarsInLog = 0;
		};
/* End PBXShellScriptBuildPhase section */

/* Begin PBXSourcesBuildPhase section */
		77C4907C1CD40473007283B8 /* Sources */ = {
			isa = PBXSourcesBuildPhase;
			buildActionMask = 2147483647;
			files = (
				77213F971CD412EE005CB32B /* AAAHolidayMO.swift in Sources */,
				77213F9C1CD41557005CB32B /* IDCoreDataController.swift in Sources */,
				77213FA01CD416E6005CB32B /* IDDateTableViewController.swift in Sources */,
				77213F961CD412EE005CB32B /* AAAHolidayMO+CoreDataProperties.swift in Sources */,
				77213FA21CD41724005CB32B /* IDTableViewCell.swift in Sources */,
				77C490861CD40473007283B8 /* ViewController.swift in Sources */,
				77213F9A1CD414DC005CB32B /* IDAddDateViewController.swift in Sources */,
				77C490841CD40473007283B8 /* AppDelegate.swift in Sources */,
				77213F9E1CD41584005CB32B /* IDDateDetailViewController.swift in Sources */,
				77213F941CD412EE005CB32B /* AAABirthdayMO+CoreDataProperties.swift in Sources */,
				77213F951CD412EE005CB32B /* AAABirthdayMO.swift in Sources */,
				77C4908C1CD40473007283B8 /* InterestingDates.xcdatamodeld in Sources */,
			);
			runOnlyForDeploymentPostprocessing = 0;
		};
/* End PBXSourcesBuildPhase section */

/* Begin PBXVariantGroup section */
		77C490871CD40473007283B8 /* Main.storyboard */ = {
			isa = PBXVariantGroup;
			children = (
				77C490881CD40473007283B8 /* Base */,
			);
			name = Main.storyboard;
			sourceTree = "<group>";
		};
		77C4908F1CD40473007283B8 /* LaunchScreen.storyboard */ = {
			isa = PBXVariantGroup;
			children = (
				77C490901CD40473007283B8 /* Base */,
			);
			name = LaunchScreen.storyboard;
			sourceTree = "<group>";
		};
/* End PBXVariantGroup section */

/* Begin XCBuildConfiguration section */
		77C490931CD40473007283B8 /* Debug */ = {
			isa = XCBuildConfiguration;
			buildSettings = {
				ALWAYS_SEARCH_USER_PATHS = NO;
				CLANG_ANALYZER_NONNULL = YES;
				CLANG_CXX_LANGUAGE_STANDARD = "gnu++0x";
				CLANG_CXX_LIBRARY = "libc++";
				CLANG_ENABLE_MODULES = YES;
				CLANG_ENABLE_OBJC_ARC = YES;
				CLANG_WARN_BOOL_CONVERSION = YES;
				CLANG_WARN_CONSTANT_CONVERSION = YES;
				CLANG_WARN_DIRECT_OBJC_ISA_USAGE = YES_ERROR;
				CLANG_WARN_EMPTY_BODY = YES;
				CLANG_WARN_ENUM_CONVERSION = YES;
				CLANG_WARN_INT_CONVERSION = YES;
				CLANG_WARN_OBJC_ROOT_CLASS = YES_ERROR;
				CLANG_WARN_UNREACHABLE_CODE = YES;
				CLANG_WARN__DUPLICATE_METHOD_MATCH = YES;
				"CODE_SIGN_IDENTITY[sdk=iphoneos*]" = "iPhone Developer";
				COPY_PHASE_STRIP = NO;
				DEBUG_INFORMATION_FORMAT = dwarf;
				ENABLE_STRICT_OBJC_MSGSEND = YES;
				ENABLE_TESTABILITY = YES;
				GCC_C_LANGUAGE_STANDARD = gnu99;
				GCC_DYNAMIC_NO_PIC = NO;
				GCC_NO_COMMON_BLOCKS = YES;
				GCC_OPTIMIZATION_LEVEL = 0;
				GCC_PREPROCESSOR_DEFINITIONS = (
					"DEBUG=1",
					"$(inherited)",
				);
				GCC_WARN_64_TO_32_BIT_CONVERSION = YES;
				GCC_WARN_ABOUT_RETURN_TYPE = YES_ERROR;
				GCC_WARN_UNDECLARED_SELECTOR = YES;
				GCC_WARN_UNINITIALIZED_AUTOS = YES_AGGRESSIVE;
				GCC_WARN_UNUSED_FUNCTION = YES;
				GCC_WARN_UNUSED_VARIABLE = YES;
				IPHONEOS_DEPLOYMENT_TARGET = 9.3;
				MTL_ENABLE_DEBUG_INFO = YES;
				ONLY_ACTIVE_ARCH = YES;
				SDKROOT = iphoneos;
				SWIFT_OPTIMIZATION_LEVEL = "-Onone";
				TARGETED_DEVICE_FAMILY = "1,2";
			};
			name = Debug;
		};
		77C490941CD40473007283B8 /* Release */ = {
			isa = XCBuildConfiguration;
			buildSettings = {
				ALWAYS_SEARCH_USER_PATHS = NO;
				CLANG_ANALYZER_NONNULL = YES;
				CLANG_CXX_LANGUAGE_STANDARD = "gnu++0x";
				CLANG_CXX_LIBRARY = "libc++";
				CLANG_ENABLE_MODULES = YES;
				CLANG_ENABLE_OBJC_ARC = YES;
				CLANG_WARN_BOOL_CONVERSION = YES;
				CLANG_WARN_CONSTANT_CONVERSION = YES;
				CLANG_WARN_DIRECT_OBJC_ISA_USAGE = YES_ERROR;
				CLANG_WARN_EMPTY_BODY = YES;
				CLANG_WARN_ENUM_CONVERSION = YES;
				CLANG_WARN_INT_CONVERSION = YES;
				CLANG_WARN_OBJC_ROOT_CLASS = YES_ERROR;
				CLANG_WARN_UNREACHABLE_CODE = YES;
				CLANG_WARN__DUPLICATE_METHOD_MATCH = YES;
				"CODE_SIGN_IDENTITY[sdk=iphoneos*]" = "iPhone Developer";
				COPY_PHASE_STRIP = NO;
				DEBUG_INFORMATION_FORMAT = "dwarf-with-dsym";
				ENABLE_NS_ASSERTIONS = NO;
				ENABLE_STRICT_OBJC_MSGSEND = YES;
				GCC_C_LANGUAGE_STANDARD = gnu99;
				GCC_NO_COMMON_BLOCKS = YES;
				GCC_WARN_64_TO_32_BIT_CONVERSION = YES;
				GCC_WARN_ABOUT_RETURN_TYPE = YES_ERROR;
				GCC_WARN_UNDECLARED_SELECTOR = YES;
				GCC_WARN_UNINITIALIZED_AUTOS = YES_AGGRESSIVE;
				GCC_WARN_UNUSED_FUNCTION = YES;
				GCC_WARN_UNUSED_VARIABLE = YES;
				IPHONEOS_DEPLOYMENT_TARGET = 9.3;
				MTL_ENABLE_DEBUG_INFO = NO;
				SDKROOT = iphoneos;
				TARGETED_DEVICE_FAMILY = "1,2";
				VALIDATE_PRODUCT = YES;
			};
			name = Release;
		};
		77C490961CD40473007283B8 /* Debug */ = {
			isa = XCBuildConfiguration;
			baseConfigurationReference = CB6E8E1258BC28C42EA9EAEF /* Pods-InterestingDates.debug.xcconfig */;
			buildSettings = {
				ASSETCATALOG_COMPILER_APPICON_NAME = AppIcon;
				INFOPLIST_FILE = InterestingDates/Info.plist;
				LD_RUNPATH_SEARCH_PATHS = "$(inherited) @executable_path/Frameworks";
				PRODUCT_BUNDLE_IDENTIFIER = com.rommelrico.InterestingDates;
				PRODUCT_NAME = "$(TARGET_NAME)";
			};
			name = Debug;
		};
		77C490971CD40473007283B8 /* Release */ = {
			isa = XCBuildConfiguration;
			baseConfigurationReference = 9F33DA7518BADF97B2A717CB /* Pods-InterestingDates.release.xcconfig */;
			buildSettings = {
				ASSETCATALOG_COMPILER_APPICON_NAME = AppIcon;
				INFOPLIST_FILE = InterestingDates/Info.plist;
				LD_RUNPATH_SEARCH_PATHS = "$(inherited) @executable_path/Frameworks";
				PRODUCT_BUNDLE_IDENTIFIER = com.rommelrico.InterestingDates;
				PRODUCT_NAME = "$(TARGET_NAME)";
			};
			name = Release;
		};
/* End XCBuildConfiguration section */

/* Begin XCConfigurationList section */
		77C4907B1CD40473007283B8 /* Build configuration list for PBXProject "InterestingDates" */ = {
			isa = XCConfigurationList;
			buildConfigurations = (
				77C490931CD40473007283B8 /* Debug */,
				77C490941CD40473007283B8 /* Release */,
			);
			defaultConfigurationIsVisible = 0;
			defaultConfigurationName = Release;
		};
		77C490951CD40473007283B8 /* Build configuration list for PBXNativeTarget "InterestingDates" */ = {
			isa = XCConfigurationList;
			buildConfigurations = (
				77C490961CD40473007283B8 /* Debug */,
				77C490971CD40473007283B8 /* Release */,
			);
			defaultConfigurationIsVisible = 0;
			defaultConfigurationName = Release;
		};
/* End XCConfigurationList section */

/* Begin XCVersionGroup section */
		77C4908A1CD40473007283B8 /* InterestingDates.xcdatamodeld */ = {
			isa = XCVersionGroup;
			children = (
				77C4908B1CD40473007283B8 /* InterestingDates.xcdatamodel */,
			);
			currentVersion = 77C4908B1CD40473007283B8 /* InterestingDates.xcdatamodel */;
			path = InterestingDates.xcdatamodeld;
			sourceTree = "<group>";
			versionGroupType = wrapper.xcdatamodel;
		};
/* End XCVersionGroup section */
	};
	rootObject = 77C490781CD40473007283B8 /* Project object */;
}
